PODS:
  - razorpay-customui-pod (2.1.1)

DEPENDENCIES:
  - razorpay-customui-pod (from `../`)

EXTERNAL SOURCES:
  razorpay-customui-pod:
    :path: "../"

SPEC CHECKSUMS:
  razorpay-customui-pod: 4fec3ad7118453d7ae648df90f5a2430e9dc9698

PODFILE CHECKSUM: f21675744a709b8e314b42564691caf867fcb0e8

COCOAPODS: 1.16.2
